
Microsoft Visual Studio Solution File, Format Version 12.00
# Visual Studio Version 17
VisualStudioVersion = 17.1.32210.238
MinimumVisualStudioVersion = 10.0.40219.1
Project("{13B669BE-BB05-4DDF-9536-439F39A36129}") = "Webfejlesztes", "Webfejlesztes.phpproj", "{FC035032-0233-40EE-8DE9-7077D0BE47F0}"
EndProject
Global
	GlobalSection(SolutionConfigurationPlatforms) = preSolution
		Debug|Any CPU = Debug|Any CPU
		Release|Any CPU = Release|Any CPU
	EndGlobalSection
	GlobalSection(ProjectConfigurationPlatforms) = postSolution
		{FC035032-0233-40EE-8DE9-7077D0BE47F0}.Debug|Any CPU.ActiveCfg = Debug|Any CPU
		{FC035032-0233-40EE-8DE9-7077D0BE47F0}.Debug|Any CPU.Build.0 = Debug|Any CPU
		{FC035032-0233-40EE-8DE9-7077D0BE47F0}.Release|Any CPU.ActiveCfg = Release|Any CPU
		{FC035032-0233-40EE-8DE9-7077D0BE47F0}.Release|Any CPU.Build.0 = Release|Any CPU
	EndGlobalSection
	GlobalSection(SolutionProperties) = preSolution
		HideSolutionNode = FALSE
	EndGlobalSection
	GlobalSection(ExtensibilityGlobals) = postSolution
		SolutionGuid = {CADB20F3-75B7-4FA9-8173-6660188C02CE}
	EndGlobalSection
EndGlobal
